{
  "name": "study_javascript",
  "version": "1.0.0",
  "lockfileVersion": 3,
  "requires": true,
  "packages": {
    "": {
      "name": "study_javascript",
      "version": "1.0.0",
      "license": "ISC",
      "dependencies": {
        "auto-josa": "^1.0.0",
        "cox-postposition": "^1.4.1",
        "hangulkit": "^1.1.0",
        "lodash": "^4.17.21",
        "num-to-korean": "^0.5.2"
      }
    },
    "node_modules/auto-josa": {
      "version": "1.0.0",
      "resolved": "https://registry.npmjs.org/auto-josa/-/auto-josa-1.0.0.tgz",
      "integrity": "sha512-w8JRQdOVihInCJpugtIe2mNPNZwzwd8oCCAB+bx2j82u4/ktOAxHUCaFG+y18sn+oN1W/1SvjcskPKGcihBmfA=="
    },
    "node_modules/cox-postposition": {
      "version": "1.4.1",
      "resolved": "https://registry.npmjs.org/cox-postposition/-/cox-postposition-1.4.1.tgz",
      "integrity": "sha512-TNXGxd7l49ogBp0VMVDHhId2wk2NTpzcR2xg+rjHzB25YSs91gEDko0WmV9xPNLZzPnqdeBcrVHbHJzo3EfnNQ=="
    },
    "node_modules/hangulkit": {
      "version": "1.1.0",
      "resolved": "https://registry.npmjs.org/hangulkit/-/hangulkit-1.1.0.tgz",
      "integrity": "sha512-ApOV07R1/27HAB1RbwgV1ges+hi/MdP4C2nPO2Ed8961ulNOcTAw0Nh00nL2GnI7oyQFA1Y6v0cNQxtmIv+W6Q=="
    },
    "node_modules/lodash": {
      "version": "4.17.21",
      "resolved": "https://registry.npmjs.org/lodash/-/lodash-4.17.21.tgz",
      "integrity": "sha512-v2kDEe57lecTulaDIuNTPy3Ry4gLGJ6Z1O3vE1krgXZNrsQ+LFTGHVxVjcXPs17LhbZVGedAJv8XZ1tvj5FvSg=="
    },
    "node_modules/num-to-korean": {
      "version": "0.5.2",
      "resolved": "https://registry.npmjs.org/num-to-korean/-/num-to-korean-0.5.2.tgz",
      "integrity": "sha512-/C+Bxuc//dr5VsKNnvm1tD1GLW5rDXfkprVqHQzIZmByPlZvyqwd5JQvH+tMZRtDsX6soKH8E3McTuhoSZTwwQ=="
    }
  }
}
